
Microsoft Visual Studio Solution File, Format Version 12.00
# Visual Studio Version 17
VisualStudioVersion = 17.14.36603.0 d17.14
MinimumVisualStudioVersion = 10.0.40219.1
Project("{FAE04EC0-301F-11D3-BF4B-00C04F79EFBC}") = "ScottPlotOHLCWinForms", "ScottPlotOHLCWinForms.csproj", "{D2EF16F3-B7C4-1576-1D11-F241E0E9EDEA}"
EndProject
Global
	GlobalSection(SolutionConfigurationPlatforms) = preSolution
		Debug|Any CPU = Debug|Any CPU
		Release|Any CPU = Release|Any CPU
	EndGlobalSection
	GlobalSection(ProjectConfigurationPlatforms) = postSolution
		{D2EF16F3-B7C4-1576-1D11-F241E0E9EDEA}.Debug|Any CPU.ActiveCfg = Debug|Any CPU
		{D2EF16F3-B7C4-1576-1D11-F241E0E9EDEA}.Debug|Any CPU.Build.0 = Debug|Any CPU
		{D2EF16F3-B7C4-1576-1D11-F241E0E9EDEA}.Release|Any CPU.ActiveCfg = Release|Any CPU
		{D2EF16F3-B7C4-1576-1D11-F241E0E9EDEA}.Release|Any CPU.Build.0 = Release|Any CPU
	EndGlobalSection
	GlobalSection(SolutionProperties) = preSolution
		HideSolutionNode = FALSE
	EndGlobalSection
	GlobalSection(ExtensibilityGlobals) = postSolution
		SolutionGuid = {8F20CCB5-4325-455A-B761-721265EE8397}
	EndGlobalSection
EndGlobal
