
Microsoft Visual Studio Solution File, Format Version 12.00
# Visual Studio Version 17
VisualStudioVersion = 17.14.36221.1 d17.14
MinimumVisualStudioVersion = 10.0.40219.1
Project("{FAE04EC0-301F-11D3-BF4B-00C04F79EFBC}") = "AlgoTradeWithScottPlot", "AlgoTradeWithScottPlot.csproj", "{C6609830-39CF-4F68-945D-049A8B198895}"
EndProject
Global
	GlobalSection(SolutionConfigurationPlatforms) = preSolution
		Debug|Any CPU = Debug|Any CPU
		Release|Any CPU = Release|Any CPU
	EndGlobalSection
	GlobalSection(ProjectConfigurationPlatforms) = postSolution
		{C6609830-39CF-4F68-945D-049A8B198895}.Debug|Any CPU.ActiveCfg = Debug|Any CPU
		{C6609830-39CF-4F68-945D-049A8B198895}.Debug|Any CPU.Build.0 = Debug|Any CPU
		{C6609830-39CF-4F68-945D-049A8B198895}.Release|Any CPU.ActiveCfg = Release|Any CPU
		{C6609830-39CF-4F68-945D-049A8B198895}.Release|Any CPU.Build.0 = Release|Any CPU
	EndGlobalSection
	GlobalSection(SolutionProperties) = preSolution
		HideSolutionNode = FALSE
	EndGlobalSection
	GlobalSection(ExtensibilityGlobals) = postSolution
		SolutionGuid = {1138AF2E-0F0D-4880-827B-56FF70D30A6B}
	EndGlobalSection
EndGlobal
